{
  "name": "vouchspec-remedy-provisioner",
  "version": "0.1.0",
  "lockfileVersion": 3,
  "requires": true,
  "packages": {
    "": {
      "name": "vouchspec-remedy-provisioner",
      "version": "0.1.0",
      "dependencies": {
        "@coinbase/cdp-cli": "2.0.20"
      }
    },
    "node_modules/@coinbase/cdp-cli": {
      "version": "2.0.20",
      "resolved": "https://registry.npmjs.org/@coinbase/cdp-cli/-/cdp-cli-2.0.20.tgz",
      "integrity": "sha512-5Ogn7gt3OdvbUSqT8Se/k6t85lQdzRNZWW+7QhDFjtHmSplt78diXR2V51LYHIOl3SkGO+onfKDYzw9W5epV1Q==",
      "hasInstallScript": true,
      "license": "MIT",
      "bin": {
        "cdp": "dist/index.js"
      },
      "engines": {
        "node": ">=22"
      }
    }
  }
}
